
Microsoft Visual Studio Solution File, Format Version 12.00
# Visual Studio 15
VisualStudioVersion = 15.0.27130.2020
MinimumVisualStudioVersion = 10.0.40219.1
Project("{8BC9CEB8-8B4A-11D0-8D11-00A0C91BC942}") = "Sanduhr", "Sanduhr\Sanduhr.vcxproj", "{912AE37A-C938-4D61-BB7F-FC1CA56299CE}"
EndProject
Project("{8BC9CEB8-8B4A-11D0-8D11-00A0C91BC942}") = "Waldbrand", "Waldbrand\Waldbrand.vcxproj", "{A6B84ADE-A326-438D-9299-4F246FF899CB}"
EndProject
Project("{8BC9CEB8-8B4A-11D0-8D11-00A0C91BC942}") = "LSystem", "LSystem\LSystem.vcxproj", "{56263F4B-5897-481D-B985-E46989498BDB}"
EndProject
Project("{8BC9CEB8-8B4A-11D0-8D11-00A0C91BC942}") = "Damenproblem", "Damenproblem\Damenproblem.vcxproj", "{8A3DE93B-3ED1-47F4-A3DC-F6AC4ACEB62C}"
EndProject
Project("{8BC9CEB8-8B4A-11D0-8D11-00A0C91BC942}") = "Vier Gewinnt", "Vier Gewinnt\Vier Gewinnt.vcxproj", "{5E4543B4-6B07-4C6D-885F-6F1E2642180A}"
EndProject
Project("{8BC9CEB8-8B4A-11D0-8D11-00A0C91BC942}") = "AntColony", "AntColony\AntColony.vcxproj", "{BA0C3C75-AF2B-4914-A8E3-2FFE3E0B8CBF}"
EndProject
Project("{8BC9CEB8-8B4A-11D0-8D11-00A0C91BC942}") = "AStern", "AStern\AStern.vcxproj", "{DD61B8A3-4A50-472E-BE1F-B779C237A9F4}"
EndProject
Project("{8BC9CEB8-8B4A-11D0-8D11-00A0C91BC942}") = "eSheep", "eSheep\eSheep.vcxproj", "{72FDE445-6C2C-4D00-AAD1-2B325C6C9855}"
EndProject
Project("{8BC9CEB8-8B4A-11D0-8D11-00A0C91BC942}") = "Fireworks", "Fireworks\Fireworks.vcxproj", "{CCB9C4EA-8DBA-4566-87F6-A82AE62156F4}"
EndProject
Project("{8BC9CEB8-8B4A-11D0-8D11-00A0C91BC942}") = "Gravity", "Gravity\Gravity.vcxproj", "{B47F0581-356C-4349-AFF6-7E5F3CE9799B}"
EndProject
Project("{8BC9CEB8-8B4A-11D0-8D11-00A0C91BC942}") = "FreierFall", "FreierFall\FreierFall.vcxproj", "{7F443F5D-F53F-4AFD-82D1-28BD00D41EA3}"
EndProject
Project("{8BC9CEB8-8B4A-11D0-8D11-00A0C91BC942}") = "LunarLander", "LunarLander\LunarLander.vcxproj", "{C2979D1F-65A7-46B2-9910-9AFB1AB8A75E}"
EndProject
Global
	GlobalSection(SolutionConfigurationPlatforms) = preSolution
		Debug|x64 = Debug|x64
		Debug|x86 = Debug|x86
		Release|x64 = Release|x64
		Release|x86 = Release|x86
	EndGlobalSection
	GlobalSection(ProjectConfigurationPlatforms) = postSolution
		{912AE37A-C938-4D61-BB7F-FC1CA56299CE}.Debug|x64.ActiveCfg = Debug|x64
		{912AE37A-C938-4D61-BB7F-FC1CA56299CE}.Debug|x64.Build.0 = Debug|x64
		{912AE37A-C938-4D61-BB7F-FC1CA56299CE}.Debug|x86.ActiveCfg = Debug|Win32
		{912AE37A-C938-4D61-BB7F-FC1CA56299CE}.Debug|x86.Build.0 = Debug|Win32
		{912AE37A-C938-4D61-BB7F-FC1CA56299CE}.Release|x64.ActiveCfg = Release|x64
		{912AE37A-C938-4D61-BB7F-FC1CA56299CE}.Release|x64.Build.0 = Release|x64
		{912AE37A-C938-4D61-BB7F-FC1CA56299CE}.Release|x86.ActiveCfg = Release|Win32
		{912AE37A-C938-4D61-BB7F-FC1CA56299CE}.Release|x86.Build.0 = Release|Win32
		{A6B84ADE-A326-438D-9299-4F246FF899CB}.Debug|x64.ActiveCfg = Debug|x64
		{A6B84ADE-A326-438D-9299-4F246FF899CB}.Debug|x64.Build.0 = Debug|x64
		{A6B84ADE-A326-438D-9299-4F246FF899CB}.Debug|x86.ActiveCfg = Debug|Win32
		{A6B84ADE-A326-438D-9299-4F246FF899CB}.Debug|x86.Build.0 = Debug|Win32
		{A6B84ADE-A326-438D-9299-4F246FF899CB}.Release|x64.ActiveCfg = Release|x64
		{A6B84ADE-A326-438D-9299-4F246FF899CB}.Release|x64.Build.0 = Release|x64
		{A6B84ADE-A326-438D-9299-4F246FF899CB}.Release|x86.ActiveCfg = Release|Win32
		{A6B84ADE-A326-438D-9299-4F246FF899CB}.Release|x86.Build.0 = Release|Win32
		{56263F4B-5897-481D-B985-E46989498BDB}.Debug|x64.ActiveCfg = Debug|x64
		{56263F4B-5897-481D-B985-E46989498BDB}.Debug|x64.Build.0 = Debug|x64
		{56263F4B-5897-481D-B985-E46989498BDB}.Debug|x86.ActiveCfg = Debug|Win32
		{56263F4B-5897-481D-B985-E46989498BDB}.Debug|x86.Build.0 = Debug|Win32
		{56263F4B-5897-481D-B985-E46989498BDB}.Release|x64.ActiveCfg = Release|x64
		{56263F4B-5897-481D-B985-E46989498BDB}.Release|x64.Build.0 = Release|x64
		{56263F4B-5897-481D-B985-E46989498BDB}.Release|x86.ActiveCfg = Release|Win32
		{56263F4B-5897-481D-B985-E46989498BDB}.Release|x86.Build.0 = Release|Win32
		{8A3DE93B-3ED1-47F4-A3DC-F6AC4ACEB62C}.Debug|x64.ActiveCfg = Debug|x64
		{8A3DE93B-3ED1-47F4-A3DC-F6AC4ACEB62C}.Debug|x64.Build.0 = Debug|x64
		{8A3DE93B-3ED1-47F4-A3DC-F6AC4ACEB62C}.Debug|x86.ActiveCfg = Debug|Win32
		{8A3DE93B-3ED1-47F4-A3DC-F6AC4ACEB62C}.Debug|x86.Build.0 = Debug|Win32
		{8A3DE93B-3ED1-47F4-A3DC-F6AC4ACEB62C}.Release|x64.ActiveCfg = Release|x64
		{8A3DE93B-3ED1-47F4-A3DC-F6AC4ACEB62C}.Release|x64.Build.0 = Release|x64
		{8A3DE93B-3ED1-47F4-A3DC-F6AC4ACEB62C}.Release|x86.ActiveCfg = Release|Win32
		{8A3DE93B-3ED1-47F4-A3DC-F6AC4ACEB62C}.Release|x86.Build.0 = Release|Win32
		{5E4543B4-6B07-4C6D-885F-6F1E2642180A}.Debug|x64.ActiveCfg = Debug|x64
		{5E4543B4-6B07-4C6D-885F-6F1E2642180A}.Debug|x64.Build.0 = Debug|x64
		{5E4543B4-6B07-4C6D-885F-6F1E2642180A}.Debug|x86.ActiveCfg = Debug|Win32
		{5E4543B4-6B07-4C6D-885F-6F1E2642180A}.Debug|x86.Build.0 = Debug|Win32
		{5E4543B4-6B07-4C6D-885F-6F1E2642180A}.Release|x64.ActiveCfg = Release|x64
		{5E4543B4-6B07-4C6D-885F-6F1E2642180A}.Release|x64.Build.0 = Release|x64
		{5E4543B4-6B07-4C6D-885F-6F1E2642180A}.Release|x86.ActiveCfg = Release|Win32
		{5E4543B4-6B07-4C6D-885F-6F1E2642180A}.Release|x86.Build.0 = Release|Win32
		{BA0C3C75-AF2B-4914-A8E3-2FFE3E0B8CBF}.Debug|x64.ActiveCfg = Debug|x64
		{BA0C3C75-AF2B-4914-A8E3-2FFE3E0B8CBF}.Debug|x64.Build.0 = Debug|x64
		{BA0C3C75-AF2B-4914-A8E3-2FFE3E0B8CBF}.Debug|x86.ActiveCfg = Debug|Win32
		{BA0C3C75-AF2B-4914-A8E3-2FFE3E0B8CBF}.Debug|x86.Build.0 = Debug|Win32
		{BA0C3C75-AF2B-4914-A8E3-2FFE3E0B8CBF}.Release|x64.ActiveCfg = Release|x64
		{BA0C3C75-AF2B-4914-A8E3-2FFE3E0B8CBF}.Release|x64.Build.0 = Release|x64
		{BA0C3C75-AF2B-4914-A8E3-2FFE3E0B8CBF}.Release|x86.ActiveCfg = Release|Win32
		{BA0C3C75-AF2B-4914-A8E3-2FFE3E0B8CBF}.Release|x86.Build.0 = Release|Win32
		{DD61B8A3-4A50-472E-BE1F-B779C237A9F4}.Debug|x64.ActiveCfg = Debug|x64
		{DD61B8A3-4A50-472E-BE1F-B779C237A9F4}.Debug|x64.Build.0 = Debug|x64
		{DD61B8A3-4A50-472E-BE1F-B779C237A9F4}.Debug|x86.ActiveCfg = Debug|Win32
		{DD61B8A3-4A50-472E-BE1F-B779C237A9F4}.Debug|x86.Build.0 = Debug|Win32
		{DD61B8A3-4A50-472E-BE1F-B779C237A9F4}.Release|x64.ActiveCfg = Release|x64
		{DD61B8A3-4A50-472E-BE1F-B779C237A9F4}.Release|x64.Build.0 = Release|x64
		{DD61B8A3-4A50-472E-BE1F-B779C237A9F4}.Release|x86.ActiveCfg = Release|Win32
		{DD61B8A3-4A50-472E-BE1F-B779C237A9F4}.Release|x86.Build.0 = Release|Win32
		{72FDE445-6C2C-4D00-AAD1-2B325C6C9855}.Debug|x64.ActiveCfg = Debug|x64
		{72FDE445-6C2C-4D00-AAD1-2B325C6C9855}.Debug|x64.Build.0 = Debug|x64
		{72FDE445-6C2C-4D00-AAD1-2B325C6C9855}.Debug|x86.ActiveCfg = Debug|Win32
		{72FDE445-6C2C-4D00-AAD1-2B325C6C9855}.Debug|x86.Build.0 = Debug|Win32
		{72FDE445-6C2C-4D00-AAD1-2B325C6C9855}.Release|x64.ActiveCfg = Release|x64
		{72FDE445-6C2C-4D00-AAD1-2B325C6C9855}.Release|x64.Build.0 = Release|x64
		{72FDE445-6C2C-4D00-AAD1-2B325C6C9855}.Release|x86.ActiveCfg = Release|Win32
		{72FDE445-6C2C-4D00-AAD1-2B325C6C9855}.Release|x86.Build.0 = Release|Win32
		{CCB9C4EA-8DBA-4566-87F6-A82AE62156F4}.Debug|x64.ActiveCfg = Debug|x64
		{CCB9C4EA-8DBA-4566-87F6-A82AE62156F4}.Debug|x64.Build.0 = Debug|x64
		{CCB9C4EA-8DBA-4566-87F6-A82AE62156F4}.Debug|x86.ActiveCfg = Debug|Win32
		{CCB9C4EA-8DBA-4566-87F6-A82AE62156F4}.Debug|x86.Build.0 = Debug|Win32
		{CCB9C4EA-8DBA-4566-87F6-A82AE62156F4}.Release|x64.ActiveCfg = Release|x64
		{CCB9C4EA-8DBA-4566-87F6-A82AE62156F4}.Release|x64.Build.0 = Release|x64
		{CCB9C4EA-8DBA-4566-87F6-A82AE62156F4}.Release|x86.ActiveCfg = Release|Win32
		{CCB9C4EA-8DBA-4566-87F6-A82AE62156F4}.Release|x86.Build.0 = Release|Win32
		{B47F0581-356C-4349-AFF6-7E5F3CE9799B}.Debug|x64.ActiveCfg = Debug|x64
		{B47F0581-356C-4349-AFF6-7E5F3CE9799B}.Debug|x64.Build.0 = Debug|x64
		{B47F0581-356C-4349-AFF6-7E5F3CE9799B}.Debug|x86.ActiveCfg = Debug|Win32
		{B47F0581-356C-4349-AFF6-7E5F3CE9799B}.Debug|x86.Build.0 = Debug|Win32
		{B47F0581-356C-4349-AFF6-7E5F3CE9799B}.Release|x64.ActiveCfg = Release|x64
		{B47F0581-356C-4349-AFF6-7E5F3CE9799B}.Release|x64.Build.0 = Release|x64
		{B47F0581-356C-4349-AFF6-7E5F3CE9799B}.Release|x86.ActiveCfg = Release|Win32
		{B47F0581-356C-4349-AFF6-7E5F3CE9799B}.Release|x86.Build.0 = Release|Win32
		{7F443F5D-F53F-4AFD-82D1-28BD00D41EA3}.Debug|x64.ActiveCfg = Debug|x64
		{7F443F5D-F53F-4AFD-82D1-28BD00D41EA3}.Debug|x64.Build.0 = Debug|x64
		{7F443F5D-F53F-4AFD-82D1-28BD00D41EA3}.Debug|x86.ActiveCfg = Debug|Win32
		{7F443F5D-F53F-4AFD-82D1-28BD00D41EA3}.Debug|x86.Build.0 = Debug|Win32
		{7F443F5D-F53F-4AFD-82D1-28BD00D41EA3}.Release|x64.ActiveCfg = Release|x64
		{7F443F5D-F53F-4AFD-82D1-28BD00D41EA3}.Release|x64.Build.0 = Release|x64
		{7F443F5D-F53F-4AFD-82D1-28BD00D41EA3}.Release|x86.ActiveCfg = Release|Win32
		{7F443F5D-F53F-4AFD-82D1-28BD00D41EA3}.Release|x86.Build.0 = Release|Win32
		{C2979D1F-65A7-46B2-9910-9AFB1AB8A75E}.Debug|x64.ActiveCfg = Debug|x64
		{C2979D1F-65A7-46B2-9910-9AFB1AB8A75E}.Debug|x64.Build.0 = Debug|x64
		{C2979D1F-65A7-46B2-9910-9AFB1AB8A75E}.Debug|x86.ActiveCfg = Debug|Win32
		{C2979D1F-65A7-46B2-9910-9AFB1AB8A75E}.Debug|x86.Build.0 = Debug|Win32
		{C2979D1F-65A7-46B2-9910-9AFB1AB8A75E}.Release|x64.ActiveCfg = Release|x64
		{C2979D1F-65A7-46B2-9910-9AFB1AB8A75E}.Release|x64.Build.0 = Release|x64
		{C2979D1F-65A7-46B2-9910-9AFB1AB8A75E}.Release|x86.ActiveCfg = Release|Win32
		{C2979D1F-65A7-46B2-9910-9AFB1AB8A75E}.Release|x86.Build.0 = Release|Win32
	EndGlobalSection
	GlobalSection(SolutionProperties) = preSolution
		HideSolutionNode = FALSE
	EndGlobalSection
	GlobalSection(ExtensibilityGlobals) = postSolution
		SolutionGuid = {CDD70175-9EA3-4434-9661-9B44EF8E5845}
	EndGlobalSection
EndGlobal
